# THIS IS AN AUTOGENERATED FILE. DO NOT EDIT THIS FILE DIRECTLY.
# yarn lockfile v1


"@sentry/apm@5.19.2":
  version "5.19.2"
  resolved "https://registry.yarnpkg.com/@sentry/apm/-/apm-5.19.2.tgz#369fdcbc9fa5db992f707b24f3165e106a277cf7"
  integrity sha512-V7p5niqG/Nn1OSMAyreChiIrQFYzFHKADKNaDEvIXqC4hxFnMG8lPRqEFJH49fNjsFBFfIG9iY1rO1ZFg3S42Q==
  dependencies:
    "@sentry/browser" "5.19.2"
    "@sentry/hub" "5.19.2"
    "@sentry/minimal" "5.19.2"
    "@sentry/types" "5.19.2"
    "@sentry/utils" "5.19.2"
    tslib "^1.9.3"

"@sentry/browser@5.19.2":
  version "5.19.2"
  resolved "https://registry.yarnpkg.com/@sentry/browser/-/browser-5.19.2.tgz#8bad445b8d1efd50e6510bb43b3018b941f6e5cb"
  integrity sha512-o6Z532n+0N5ANDzgR9GN+Q6CU7zVlIJvBEW234rBiB+ZZj6XwTLS1dD+JexGr8lCo8PeXI2rypKcj1jUGLVW8w==
  dependencies:
    "@sentry/core" "5.19.2"
    "@sentry/types" "5.19.2"
    "@sentry/utils" "5.19.2"
    tslib "^1.9.3"

"@sentry/core@5.19.2":
  version "5.19.2"
  resolved "https://registry.yarnpkg.com/@sentry/core/-/core-5.19.2.tgz#99a64ef0e55230fc02a083c48fa07ada85de4929"
  integrity sha512-sfbBsVXpA0WYJUichz5IhvqKD8xJUfQvsszrTsUKa7PQAMAboOmuh6bo8KquaVQnAZyZWZU08UduvlSV3tA7tw==
  dependencies:
    "@sentry/hub" "5.19.2"
    "@sentry/minimal" "5.19.2"
    "@sentry/types" "5.19.2"
    "@sentry/utils" "5.19.2"
    tslib "^1.9.3"

"@sentry/hub@5.19.2":
  version "5.19.2"
  resolved "https://registry.yarnpkg.com/@sentry/hub/-/hub-5.19.2.tgz#ab7f3d2d253c3441b2833a530b17c6de2418b2c7"
  integrity sha512-2KkEYX4q9TDCOiaVEo2kQ1W0IXyZxJxZtIjDdFQyes9T4ubYlKHAbvCjTxHSQv37lDO4t7sOIApWG9rlkHzlEA==
  dependencies:
    "@sentry/types" "5.19.2"
    "@sentry/utils" "5.19.2"
    tslib "^1.9.3"

"@sentry/minimal@5.19.2":
  version "5.19.2"
  resolved "https://registry.yarnpkg.com/@sentry/minimal/-/minimal-5.19.2.tgz#0fc2fdf9911a0cb31b52f7ccad061b74785724a3"
  integrity sha512-rApEOkjy+ZmkeqEItgFvUFxe5l+dht9AumuUzq74pWp+HJqxxv9IVTusKppBsE1adjtmyhwK4O3Wr8qyc75xlw==
  dependencies:
    "@sentry/hub" "5.19.2"
    "@sentry/types" "5.19.2"
    tslib "^1.9.3"

"@sentry/node@^5.19.2":
  version "5.19.2"
  resolved "https://registry.yarnpkg.com/@sentry/node/-/node-5.19.2.tgz#8c1c2f6c983c3d8b25143e5b99c4b6cc745125ec"
  integrity sha512-gbww3iTWkdvYIAhOmULbv8znKwkIpklGJ0SPtAh0orUMuaa0lVht+6HQIhRgeXp50lMzNaYC3fuzkbFfYgpS7A==
  dependencies:
    "@sentry/apm" "5.19.2"
    "@sentry/core" "5.19.2"
    "@sentry/hub" "5.19.2"
    "@sentry/types" "5.19.2"
    "@sentry/utils" "5.19.2"
    cookie "^0.3.1"
    https-proxy-agent "^5.0.0"
    lru_map "^0.3.3"
    tslib "^1.9.3"

"@sentry/types@5.19.2":
  version "5.19.2"
  resolved "https://registry.yarnpkg.com/@sentry/types/-/types-5.19.2.tgz#ead586f0b64b91c396d3521b938ca25f7b59d655"
  integrity sha512-O6zkW8oM1qK5Uma9+B/UMlmlm9/gkw9MooqycWuEhIaKfDBj/yVbwb/UTiJmNkGc5VJQo0v1uXUZZQt6/Xq1GA==

"@sentry/utils@5.19.2":
  version "5.19.2"
  resolved "https://registry.yarnpkg.com/@sentry/utils/-/utils-5.19.2.tgz#f2819d9de5abc33173019e81955904247e4a8246"
  integrity sha512-gEPkC0CJwvIWqcTcPSdIzqJkJa9N5vZzUZyBvdu1oiyJu7MfazpJEvj3whfJMysSfXJQxoJ+a1IPrA73VY23VA==
  dependencies:
    "@sentry/types" "5.19.2"
    tslib "^1.9.3"

agent-base@6:
  version "6.0.1"
  resolved "https://registry.yarnpkg.com/agent-base/-/agent-base-6.0.1.tgz#808007e4e5867decb0ab6ab2f928fbdb5a596db4"
  integrity sha512-01q25QQDwLSsyfhrKbn8yuur+JNw0H+0Y4JiGIKd3z9aYk/w/2kxD/Upc+t2ZBBSUNff50VjPsSW2YxM8QYKVg==
  dependencies:
    debug "4"

cookie@^0.3.1:
  version "0.3.1"
  resolved "https://registry.yarnpkg.com/cookie/-/cookie-0.3.1.tgz#e7e0a1f9ef43b4c8ba925c5c5a96e806d16873bb"
  integrity sha1-5+Ch+e9DtMi6klxcWpboBtFoc7s=

debug@4:
  version "4.1.1"
  resolved "https://registry.yarnpkg.com/debug/-/debug-4.1.1.tgz#3b72260255109c6b589cee050f1d516139664791"
  integrity sha512-pYAIzeRo8J6KPEaJ0VWOh5Pzkbw/RetuzehGM7QRRX5he4fPHx2rdKMB256ehJCkX+XRQm16eZLqLNS8RSZXZw==
  dependencies:
    ms "^2.1.1"

https-proxy-agent@^5.0.0:
  version "5.0.0"
  resolved "https://registry.yarnpkg.com/https-proxy-agent/-/https-proxy-agent-5.0.0.tgz#e2a90542abb68a762e0a0850f6c9edadfd8506b2"
  integrity sha512-EkYm5BcKUGiduxzSt3Eppko+PiNWNEpa4ySk9vTC6wDsQJW9rHSa+UhGNJoRYp7bz6Ht1eaRIa6QaJqO5rCFbA==
  dependencies:
    agent-base "6"
    debug "4"

lru_map@^0.3.3:
  version "0.3.3"
  resolved "https://registry.yarnpkg.com/lru_map/-/lru_map-0.3.3.tgz#b5c8351b9464cbd750335a79650a0ec0e56118dd"
  integrity sha1-tcg1G5Rky9dQM1p5ZQoOwOVhGN0=

ms@^2.1.1:
  version "2.1.2"
  resolved "https://registry.yarnpkg.com/ms/-/ms-2.1.2.tgz#d09d1f357b443f493382a8eb3ccd183872ae6009"
  integrity sha512-sGkPx+VjMtmA6MX27oA4FBFELFCZZ4S4XqeGOXCv68tT+jb3vk/RyaKWP0PTKyWtmLSM0b+adUTEvbs1PEaH2w==

tslib@^1.9.3:
  version "1.13.0"
  resolved "https://registry.yarnpkg.com/tslib/-/tslib-1.13.0.tgz#c881e13cc7015894ed914862d276436fa9a47043"
  integrity sha512-i/6DQjL8Xf3be4K/E6Wgpekn5Qasl1usyw++dAA35Ue5orEn65VIxOA+YvNNl9HV3qv70T7CNwjODHZrLwvd1Q==
