# THIS IS AN AUTOGENERATED FILE. DO NOT EDIT THIS FILE DIRECTLY.
# yarn lockfile v1


ejs@^2.6.1:
  version "2.7.1"
  resolved "https://registry.npmjs.org/ejs/-/ejs-2.7.1.tgz#5b5ab57f718b79d4aca9254457afecd36fa80228"
  integrity sha512-kS/gEPzZs3Y1rRsbGX4UOSjtP/CeJP0CxSNZHYxGfVM/VgLcv0ZqM7C45YyTj2DI2g7+P9Dd24C+IMIg6D0nYQ==
