# THIS IS AN AUTOGENERATED FILE. DO NOT EDIT THIS FILE DIRECTLY.
# yarn lockfile v1


"@sendgrid/client@^7.4.2":
  version "7.4.2"
  resolved "https://registry.yarnpkg.com/@sendgrid/client/-/client-7.4.2.tgz#204a9fbb5dc05a721a5d8cd8930f57f9f8e612b1"
  integrity sha512-bu8lLbRD+OV7YsYNemEy8DRoxs8/8u325EXNlQ3VaqhcpbM0eSvdL5e5Wa7VZpbczcNCJmf/sr/uqFmwcO5S+A==
  dependencies:
    "@sendgrid/helpers" "^7.4.2"
    axios "^0.21.1"

"@sendgrid/helpers@^7.4.2":
  version "7.4.2"
  resolved "https://registry.yarnpkg.com/@sendgrid/helpers/-/helpers-7.4.2.tgz#d80f17da439fd241fd69f8a894d93a0fdd19df0f"
  integrity sha512-b/IyBwT4zrOfXA0ISvWZsnhYz+5uAO20n68J8n/6qe5P1E2p0L7kWNTN5LYu0S7snJPUlbEa6FpfrSKzEcP9JA==
  dependencies:
    deepmerge "^4.2.2"

"@sendgrid/mail@^7.4.2":
  version "7.4.2"
  resolved "https://registry.yarnpkg.com/@sendgrid/mail/-/mail-7.4.2.tgz#b2d9f7bccf0f59c814501c0c6db7d6dd963c3fc0"
  integrity sha512-hvIOnm8c3zVyDnJcyBuAeujmpKX56N3D/LpiZrFuLHjAz4iEHrmL2sJ3iU9O6hxcb07gd1CES+z9Fg7FBT26uQ==
  dependencies:
    "@sendgrid/client" "^7.4.2"
    "@sendgrid/helpers" "^7.4.2"

axios@^0.21.1:
  version "0.21.1"
  resolved "https://registry.yarnpkg.com/axios/-/axios-0.21.1.tgz#22563481962f4d6bde9a76d516ef0e5d3c09b2b8"
  integrity sha512-dKQiRHxGD9PPRIUNIWvZhPTPpl1rf/OxTYKsqKUDjBwYylTvV7SjSHJb9ratfyzM6wCdLCOYLzs73qpg5c4iGA==
  dependencies:
    follow-redirects "^1.10.0"

deepmerge@^4.2.2:
  version "4.2.2"
  resolved "https://registry.yarnpkg.com/deepmerge/-/deepmerge-4.2.2.tgz#44d2ea3679b8f4d4ffba33f03d865fc1e7bf4955"
  integrity sha512-FJ3UgI4gIl+PHZm53knsuSFpE+nESMr7M4v9QcgB7S63Kj/6WqMiFQJpBBYz1Pt+66bZpP3Q7Lye0Oo9MPKEdg==

follow-redirects@^1.10.0:
  version "1.13.3"
  resolved "https://registry.yarnpkg.com/follow-redirects/-/follow-redirects-1.13.3.tgz#e5598ad50174c1bc4e872301e82ac2cd97f90267"
  integrity sha512-DUgl6+HDzB0iEptNQEXLx/KhTmDb8tZUHSeLqpnjpknR70H0nC2t9N73BK6fN4hOvJ84pKlIQVQ4k5FFlBedKA==
