# THIS IS AN AUTOGENERATED FILE. DO NOT EDIT THIS FILE DIRECTLY.
# yarn lockfile v1


camel-case@^3.0.0:
  version "3.0.0"
  resolved "https://registry.npmjs.org/camel-case/-/camel-case-3.0.0.tgz#ca3c3688a4e9cf3a4cda777dc4dcbc713249cf73"
  integrity sha1-yjw2iKTpzzpM2nd9xNy8cTJJz3M=
  dependencies:
    no-case "^2.2.0"
    upper-case "^1.1.1"

change-case@^3.1.0:
  version "3.1.0"
  resolved "https://registry.npmjs.org/change-case/-/change-case-3.1.0.tgz#0e611b7edc9952df2e8513b27b42de72647dd17e"
  integrity sha512-2AZp7uJZbYEzRPsFoa+ijKdvp9zsrnnt6+yFokfwEpeJm0xuJDVoxiRCAaTzyJND8GJkofo2IcKWaUZ/OECVzw==
  dependencies:
    camel-case "^3.0.0"
    constant-case "^2.0.0"
    dot-case "^2.1.0"
    header-case "^1.0.0"
    is-lower-case "^1.1.0"
    is-upper-case "^1.1.0"
    lower-case "^1.1.1"
    lower-case-first "^1.0.0"
    no-case "^2.3.2"
    param-case "^2.1.0"
    pascal-case "^2.0.0"
    path-case "^2.1.0"
    sentence-case "^2.1.0"
    snake-case "^2.1.0"
    swap-case "^1.1.0"
    title-case "^2.1.0"
    upper-case "^1.1.1"
    upper-case-first "^1.1.0"

constant-case@^2.0.0:
  version "2.0.0"
  resolved "https://registry.npmjs.org/constant-case/-/constant-case-2.0.0.tgz#4175764d389d3fa9c8ecd29186ed6005243b6a46"
  integrity sha1-QXV2TTidP6nI7NKRhu1gBSQ7akY=
  dependencies:
    snake-case "^2.1.0"
    upper-case "^1.1.1"

dot-case@^2.1.0:
  version "2.1.1"
  resolved "https://registry.npmjs.org/dot-case/-/dot-case-2.1.1.tgz#34dcf37f50a8e93c2b3bca8bb7fb9155c7da3bee"
  integrity sha1-NNzzf1Co6TwrO8qLt/uRVcfaO+4=
  dependencies:
    no-case "^2.2.0"

header-case@^1.0.0:
  version "1.0.1"
  resolved "https://registry.npmjs.org/header-case/-/header-case-1.0.1.tgz#9535973197c144b09613cd65d317ef19963bd02d"
  integrity sha1-lTWXMZfBRLCWE81l0xfvGZY70C0=
  dependencies:
    no-case "^2.2.0"
    upper-case "^1.1.3"

is-lower-case@^1.1.0:
  version "1.1.3"
  resolved "https://registry.npmjs.org/is-lower-case/-/is-lower-case-1.1.3.tgz#7e147be4768dc466db3bfb21cc60b31e6ad69393"
  integrity sha1-fhR75HaNxGbbO/shzGCzHmrWk5M=
  dependencies:
    lower-case "^1.1.0"

is-upper-case@^1.1.0:
  version "1.1.2"
  resolved "https://registry.npmjs.org/is-upper-case/-/is-upper-case-1.1.2.tgz#8d0b1fa7e7933a1e58483600ec7d9661cbaf756f"
  integrity sha1-jQsfp+eTOh5YSDYA7H2WYcuvdW8=
  dependencies:
    upper-case "^1.1.0"

lower-case-first@^1.0.0:
  version "1.0.2"
  resolved "https://registry.npmjs.org/lower-case-first/-/lower-case-first-1.0.2.tgz#e5da7c26f29a7073be02d52bac9980e5922adfa1"
  integrity sha1-5dp8JvKacHO+AtUrrJmA5ZIq36E=
  dependencies:
    lower-case "^1.1.2"

lower-case@^1.1.0, lower-case@^1.1.1, lower-case@^1.1.2:
  version "1.1.4"
  resolved "https://registry.npmjs.org/lower-case/-/lower-case-1.1.4.tgz#9a2cabd1b9e8e0ae993a4bf7d5875c39c42e8eac"
  integrity sha1-miyr0bno4K6ZOkv31YdcOcQujqw=

no-case@^2.2.0, no-case@^2.3.2:
  version "2.3.2"
  resolved "https://registry.npmjs.org/no-case/-/no-case-2.3.2.tgz#60b813396be39b3f1288a4c1ed5d1e7d28b464ac"
  integrity sha512-rmTZ9kz+f3rCvK2TD1Ue/oZlns7OGoIWP4fc3llxxRXlOkHKoWPPWJOfFYpITabSow43QJbRIoHQXtt10VldyQ==
  dependencies:
    lower-case "^1.1.1"

param-case@^2.1.0:
  version "2.1.1"
  resolved "https://registry.npmjs.org/param-case/-/param-case-2.1.1.tgz#df94fd8cf6531ecf75e6bef9a0858fbc72be2247"
  integrity sha1-35T9jPZTHs915r75oIWPvHK+Ikc=
  dependencies:
    no-case "^2.2.0"

pascal-case@^2.0.0:
  version "2.0.1"
  resolved "https://registry.npmjs.org/pascal-case/-/pascal-case-2.0.1.tgz#2d578d3455f660da65eca18ef95b4e0de912761e"
  integrity sha1-LVeNNFX2YNpl7KGO+VtODekSdh4=
  dependencies:
    camel-case "^3.0.0"
    upper-case-first "^1.1.0"

path-case@^2.1.0:
  version "2.1.1"
  resolved "https://registry.npmjs.org/path-case/-/path-case-2.1.1.tgz#94b8037c372d3fe2906e465bb45e25d226e8eea5"
  integrity sha1-lLgDfDctP+KQbkZbtF4l0ibo7qU=
  dependencies:
    no-case "^2.2.0"

sentence-case@^2.1.0:
  version "2.1.1"
  resolved "https://registry.npmjs.org/sentence-case/-/sentence-case-2.1.1.tgz#1f6e2dda39c168bf92d13f86d4a918933f667ed4"
  integrity sha1-H24t2jnBaL+S0T+G1KkYkz9mftQ=
  dependencies:
    no-case "^2.2.0"
    upper-case-first "^1.1.2"

snake-case@^2.1.0:
  version "2.1.0"
  resolved "https://registry.npmjs.org/snake-case/-/snake-case-2.1.0.tgz#41bdb1b73f30ec66a04d4e2cad1b76387d4d6d9f"
  integrity sha1-Qb2xtz8w7GagTU4srRt2OH1NbZ8=
  dependencies:
    no-case "^2.2.0"

swap-case@^1.1.0:
  version "1.1.2"
  resolved "https://registry.npmjs.org/swap-case/-/swap-case-1.1.2.tgz#c39203a4587385fad3c850a0bd1bcafa081974e3"
  integrity sha1-w5IDpFhzhfrTyFCgvRvK+ggZdOM=
  dependencies:
    lower-case "^1.1.1"
    upper-case "^1.1.1"

title-case@^2.1.0:
  version "2.1.1"
  resolved "https://registry.npmjs.org/title-case/-/title-case-2.1.1.tgz#3e127216da58d2bc5becf137ab91dae3a7cd8faa"
  integrity sha1-PhJyFtpY0rxb7PE3q5Ha46fNj6o=
  dependencies:
    no-case "^2.2.0"
    upper-case "^1.0.3"

upper-case-first@^1.1.0, upper-case-first@^1.1.2:
  version "1.1.2"
  resolved "https://registry.npmjs.org/upper-case-first/-/upper-case-first-1.1.2.tgz#5d79bedcff14419518fd2edb0a0507c9b6859115"
  integrity sha1-XXm+3P8UQZUY/S7bCgUHybaFkRU=
  dependencies:
    upper-case "^1.1.1"

upper-case@^1.0.3, upper-case@^1.1.0, upper-case@^1.1.1, upper-case@^1.1.3:
  version "1.1.3"
  resolved "https://registry.npmjs.org/upper-case/-/upper-case-1.1.3.tgz#f6b4501c2ec4cdd26ba78be7222961de77621598"
  integrity sha1-9rRQHC7EzdJrp4vnIilh3ndiFZg=
