# THIS IS AN AUTOGENERATED FILE. DO NOT EDIT THIS FILE DIRECTLY.
# yarn lockfile v1


"@sentry/core@6.2.3":
  version "6.2.3"
  resolved "https://registry.yarnpkg.com/@sentry/core/-/core-6.2.3.tgz#ed5d21fd8b18ddc289d04c669393a437fb09639f"
  integrity sha512-GpfHoSJiXchVXgyaMWVtIPVw2t97KkD1OJ4JdL3/TeH3auX5XvsN5iHTk+x/Er8t13IpOnvidH1xWdV1dnax2w==
  dependencies:
    "@sentry/hub" "6.2.3"
    "@sentry/minimal" "6.2.3"
    "@sentry/types" "6.2.3"
    "@sentry/utils" "6.2.3"
    tslib "^1.9.3"

"@sentry/hub@6.2.3":
  version "6.2.3"
  resolved "https://registry.yarnpkg.com/@sentry/hub/-/hub-6.2.3.tgz#07fba07627b7523f69f8b862f00cd197e5e4e5bd"
  integrity sha512-D5Horfo2l0p52S7KPvy7qwWNMrE4IsCN8ODbfcCsfJu7hEXJmItbkbohIVSqO5neukhn5nu+x8kyCe9Q5u1Q6g==
  dependencies:
    "@sentry/types" "6.2.3"
    "@sentry/utils" "6.2.3"
    tslib "^1.9.3"

"@sentry/minimal@6.2.3":
  version "6.2.3"
  resolved "https://registry.yarnpkg.com/@sentry/minimal/-/minimal-6.2.3.tgz#462ce7739fa85fd7d6dd13d56d20f17ff91e46d0"
  integrity sha512-Gpn9x4NQAG7E94EK1+hAz9GUcYrffTuqJ/XgqvHYk0jsHZ6RfsXYrmBac0ZwUxOivMf2t0n5opK0v5rhMDfF2w==
  dependencies:
    "@sentry/hub" "6.2.3"
    "@sentry/types" "6.2.3"
    tslib "^1.9.3"

"@sentry/node@^6.2.3":
  version "6.2.3"
  resolved "https://registry.yarnpkg.com/@sentry/node/-/node-6.2.3.tgz#4d00902bdd0e9c8132f67726feb19c9d566e4792"
  integrity sha512-MaT8Uj+dOi1FPR4GkRGoQwaqxWKtfz+KpZ2RUT+x6aMqE8nieDFKts0i7O2vALg7LbRFzVsDsvK2GWcunfYkpA==
  dependencies:
    "@sentry/core" "6.2.3"
    "@sentry/hub" "6.2.3"
    "@sentry/tracing" "6.2.3"
    "@sentry/types" "6.2.3"
    "@sentry/utils" "6.2.3"
    cookie "^0.4.1"
    https-proxy-agent "^5.0.0"
    lru_map "^0.3.3"
    tslib "^1.9.3"

"@sentry/tracing@6.2.3":
  version "6.2.3"
  resolved "https://registry.yarnpkg.com/@sentry/tracing/-/tracing-6.2.3.tgz#fefa55b1f2265973a747b30da14a54b779b5090e"
  integrity sha512-OnQZKp7qVera+Z4ly6hgybGgyf10p2VDXqwueXkMVeLD+PwlPG8a8NMpKkZ+QxwRbQbSFhRLQaib3NX34tusBQ==
  dependencies:
    "@sentry/hub" "6.2.3"
    "@sentry/minimal" "6.2.3"
    "@sentry/types" "6.2.3"
    "@sentry/utils" "6.2.3"
    tslib "^1.9.3"

"@sentry/types@6.2.3":
  version "6.2.3"
  resolved "https://registry.yarnpkg.com/@sentry/types/-/types-6.2.3.tgz#0c06a475a51d28c73a69b05f0d43db05310ec241"
  integrity sha512-BpA+9FherWgYlkMD/82bGFh/gAqZNlZX5UE8vWLKyyzNyOEEz3v9ScxE8dOSWE4v5iXJR1O3jjxaTcRQxPVgCA==

"@sentry/utils@6.2.3":
  version "6.2.3"
  resolved "https://registry.yarnpkg.com/@sentry/utils/-/utils-6.2.3.tgz#c96539571a67fb2eed56897133649f35309e3f74"
  integrity sha512-YnkJm97wSvck39eRpqWjIuuwbvzPilvAcMqhbUy9yK/UBQMDGUzAKCOKH40udw1DwMUCWjJ71mOCDgUorE4Fog==
  dependencies:
    "@sentry/types" "6.2.3"
    tslib "^1.9.3"

agent-base@6:
  version "6.0.1"
  resolved "https://registry.yarnpkg.com/agent-base/-/agent-base-6.0.1.tgz#808007e4e5867decb0ab6ab2f928fbdb5a596db4"
  integrity sha512-01q25QQDwLSsyfhrKbn8yuur+JNw0H+0Y4JiGIKd3z9aYk/w/2kxD/Upc+t2ZBBSUNff50VjPsSW2YxM8QYKVg==
  dependencies:
    debug "4"

cookie@^0.4.1:
  version "0.4.1"
  resolved "https://registry.yarnpkg.com/cookie/-/cookie-0.4.1.tgz#afd713fe26ebd21ba95ceb61f9a8116e50a537d1"
  integrity sha512-ZwrFkGJxUR3EIoXtO+yVE69Eb7KlixbaeAWfBQB9vVsNn/o+Yw69gBWSSDK825hQNdN+wF8zELf3dFNl/kxkUA==

debug@4:
  version "4.1.1"
  resolved "https://registry.yarnpkg.com/debug/-/debug-4.1.1.tgz#3b72260255109c6b589cee050f1d516139664791"
  integrity sha512-pYAIzeRo8J6KPEaJ0VWOh5Pzkbw/RetuzehGM7QRRX5he4fPHx2rdKMB256ehJCkX+XRQm16eZLqLNS8RSZXZw==
  dependencies:
    ms "^2.1.1"

https-proxy-agent@^5.0.0:
  version "5.0.0"
  resolved "https://registry.yarnpkg.com/https-proxy-agent/-/https-proxy-agent-5.0.0.tgz#e2a90542abb68a762e0a0850f6c9edadfd8506b2"
  integrity sha512-EkYm5BcKUGiduxzSt3Eppko+PiNWNEpa4ySk9vTC6wDsQJW9rHSa+UhGNJoRYp7bz6Ht1eaRIa6QaJqO5rCFbA==
  dependencies:
    agent-base "6"
    debug "4"

lru_map@^0.3.3:
  version "0.3.3"
  resolved "https://registry.yarnpkg.com/lru_map/-/lru_map-0.3.3.tgz#b5c8351b9464cbd750335a79650a0ec0e56118dd"
  integrity sha1-tcg1G5Rky9dQM1p5ZQoOwOVhGN0=

ms@^2.1.1:
  version "2.1.2"
  resolved "https://registry.yarnpkg.com/ms/-/ms-2.1.2.tgz#d09d1f357b443f493382a8eb3ccd183872ae6009"
  integrity sha512-sGkPx+VjMtmA6MX27oA4FBFELFCZZ4S4XqeGOXCv68tT+jb3vk/RyaKWP0PTKyWtmLSM0b+adUTEvbs1PEaH2w==

tslib@^1.9.3:
  version "1.13.0"
  resolved "https://registry.yarnpkg.com/tslib/-/tslib-1.13.0.tgz#c881e13cc7015894ed914862d276436fa9a47043"
  integrity sha512-i/6DQjL8Xf3be4K/E6Wgpekn5Qasl1usyw++dAA35Ue5orEn65VIxOA+YvNNl9HV3qv70T7CNwjODHZrLwvd1Q==
